
Microsoft Visual Studio Solution File, Format Version 12.00
# Visual Studio 2015
Project("{FAE04EC0-301F-11D3-BF4B-00C04F79EFBC}") = "Owl", "Owl.csproj", "{352B0F15-4CD2-1DC8-8E34-F886A53BBA4A}"
EndProject
Global
	GlobalSection(SolutionConfigurationPlatforms) = preSolution
		Debug|Any CPU = Debug|Any CPU
		Release|Any CPU = Release|Any CPU
	EndGlobalSection
	GlobalSection(ProjectConfigurationPlatforms) = postSolution
		{352B0F15-4CD2-1DC8-8E34-F886A53BBA4A}.Debug|Any CPU.ActiveCfg = Debug|Any CPU
		{352B0F15-4CD2-1DC8-8E34-F886A53BBA4A}.Debug|Any CPU.Build.0 = Debug|Any CPU
		{352B0F15-4CD2-1DC8-8E34-F886A53BBA4A}.Release|Any CPU.ActiveCfg = Release|Any CPU
		{352B0F15-4CD2-1DC8-8E34-F886A53BBA4A}.Release|Any CPU.Build.0 = Release|Any CPU
	EndGlobalSection
	GlobalSection(SolutionProperties) = preSolution
		HideSolutionNode = FALSE
	EndGlobalSection
EndGlobal
